
Microsoft Visual Studio Solution File, Format Version 12.00
# Visual Studio Version 17
VisualStudioVersion = 17.10.35004.147
MinimumVisualStudioVersion = 10.0.40219.1
Project("{FAE04EC0-301F-11D3-BF4B-00C04F79EFBC}") = "DynamicsFunctions", "DynamicsFunctions\DynamicsFunctions.csproj", "{F799DE23-5232-489E-8845-EBA315864723}"
EndProject
Global
	GlobalSection(SolutionConfigurationPlatforms) = preSolution
		Debug|Any CPU = Debug|Any CPU
		Release|Any CPU = Release|Any CPU
	EndGlobalSection
	GlobalSection(ProjectConfigurationPlatforms) = postSolution
		{F799DE23-5232-489E-8845-EBA315864723}.Debug|Any CPU.ActiveCfg = Debug|Any CPU
		{F799DE23-5232-489E-8845-EBA315864723}.Debug|Any CPU.Build.0 = Debug|Any CPU
		{F799DE23-5232-489E-8845-EBA315864723}.Release|Any CPU.ActiveCfg = Release|Any CPU
		{F799DE23-5232-489E-8845-EBA315864723}.Release|Any CPU.Build.0 = Release|Any CPU
	EndGlobalSection
	GlobalSection(SolutionProperties) = preSolution
		HideSolutionNode = FALSE
	EndGlobalSection
	GlobalSection(ExtensibilityGlobals) = postSolution
		SolutionGuid = {1D7C2B89-D9FA-4680-8A65-EAC9D0D91133}
	EndGlobalSection
EndGlobal
